{
  "originHash" : "f33e41d76c991b9587669e64a37848975c6193f5fa0841476d8aa4ae7a3a1299",
  "pins" : [
    {
      "identity" : "feedkit",
      "kind" : "remoteSourceControl",
      "location" : "https://github.com/nmdias/FeedKit.git",
      "state" : {
        "revision" : "751fa5eae1c7bdc3873c2871b41a23ee4f168064",
        "version" : "10.0.0-rc.4"
      }
    },
    {
      "identity" : "highlightswift",
      "kind" : "remoteSourceControl",
      "location" : "https://github.com/appstefan/HighlightSwift.git",
      "state" : {
        "revision" : "784ca3ccfc8a2cf724fbb2f06cb6ec3329424da3",
        "version" : "1.1.0"
      }
    },
    {
      "identity" : "lexical-ios",
      "kind" : "remoteSourceControl",
      "location" : "https://github.com/facebook/lexical-ios.git",
      "state" : {
        "revision" : "4a85d223a2e1e8683e49569a1ad172bdbf84cbc6",
        "version" : "0.2.0"
      }
    },
    {
      "identity" : "richtextkit",
      "kind" : "remoteSourceControl",
      "location" : "https://github.com/danielsaidi/RichTextKit.git",
      "state" : {
        "revision" : "d390d66740161554095e3acbd27f84dc3dcc5b03",
        "version" : "1.1.2"
      }
    },
    {
      "identity" : "swiftsoup",
      "kind" : "remoteSourceControl",
      "location" : "https://github.com/scinfu/SwiftSoup.git",
      "state" : {
        "revision" : "64e4daa41b0f22affa94a6063d509c137c26909c",
        "version" : "2.8.5"
      }
    }
  ],
  "version" : 3
}
