// !$*UTF8*$!
{
	archiveVersion = 1;
	classes = {
	};
	objectVersion = 77;
	objects = {

/* Begin PBXBuildFile section */
		BD18928B2D88DF8000296DC0 /* EFQRCode in Frameworks */ = {isa = PBXBuildFile; productRef = BD18928A2D88DF8000296DC0 /* EFQRCode */; };
		BDB1056A2D7662EE00549A0F /* RichTextKit in Frameworks */ = {isa = PBXBuildFile; productRef = BDB105692D7662EE00549A0F /* RichTextKit */; };
		FB2A07952D82CD8C007A3DD1 /* AcknowList in Frameworks */ = {isa = PBXBuildFile; productRef = FB2A07942D82CD8C007A3DD1 /* AcknowList */; };
		FB2A07982D82D13F007A3DD1 /* MarkdownUI in Frameworks */ = {isa = PBXBuildFile; productRef = FB2A07972D82D13F007A3DD1 /* MarkdownUI */; };
		FB432A1A2D81780700BE347E /* FeedKit in Frameworks */ = {isa = PBXBuildFile; productRef = FB432A192D81780700BE347E /* FeedKit */; };
		FB432A1C2D81780700BE347E /* XMLKit in Frameworks */ = {isa = PBXBuildFile; productRef = FB432A1B2D81780700BE347E /* XMLKit */; };
		FBA9E9A92D83DB06009B252B /* RichText in Frameworks */ = {isa = PBXBuildFile; productRef = FBA9E9A82D83DB06009B252B /* RichText */; };
		FBEB1C7C2D76A80C00220F20 /* HighlightSwift in Frameworks */ = {isa = PBXBuildFile; productRef = FBEB1C7B2D76A80C00220F20 /* HighlightSwift */; };
/* End PBXBuildFile section */

/* Begin PBXContainerItemProxy section */
		FBA912A72D49CFA000447692 /* PBXContainerItemProxy */ = {
			isa = PBXContainerItemProxy;
			containerPortal = FBA9128B2D49CF9E00447692 /* Project object */;
			proxyType = 1;
			remoteGlobalIDString = FBA912922D49CF9E00447692;
			remoteInfo = iDevBook;
		};
		FBA912B12D49CFA000447692 /* PBXContainerItemProxy */ = {
			isa = PBXContainerItemProxy;
			containerPortal = FBA9128B2D49CF9E00447692 /* Project object */;
			proxyType = 1;
			remoteGlobalIDString = FBA912922D49CF9E00447692;
			remoteInfo = iDevBook;
		};
/* End PBXContainerItemProxy section */

/* Begin PBXFileReference section */
		FBA912932D49CF9E00447692 /* iDevBook.app */ = {isa = PBXFileReference; explicitFileType = wrapper.application; includeInIndex = 0; path = iDevBook.app; sourceTree = BUILT_PRODUCTS_DIR; };
		FBA912A62D49CFA000447692 /* iDevBookTests.xctest */ = {isa = PBXFileReference; explicitFileType = wrapper.cfbundle; includeInIndex = 0; path = iDevBookTests.xctest; sourceTree = BUILT_PRODUCTS_DIR; };
		FBA912B02D49CFA000447692 /* iDevBookUITests.xctest */ = {isa = PBXFileReference; explicitFileType = wrapper.cfbundle; includeInIndex = 0; path = iDevBookUITests.xctest; sourceTree = BUILT_PRODUCTS_DIR; };
/* End PBXFileReference section */

/* Begin PBXFileSystemSynchronizedRootGroup section */
		FBA912952D49CF9E00447692 /* iDevBook */ = {
			isa = PBXFileSystemSynchronizedRootGroup;
			path = iDevBook;
			sourceTree = "<group>";
		};
		FBA912A92D49CFA000447692 /* iDevBookTests */ = {
			isa = PBXFileSystemSynchronizedRootGroup;
			path = iDevBookTests;
			sourceTree = "<group>";
		};
		FBA912B32D49CFA000447692 /* iDevBookUITests */ = {
			isa = PBXFileSystemSynchronizedRootGroup;
			path = iDevBookUITests;
			sourceTree = "<group>";
		};
/* End PBXFileSystemSynchronizedRootGroup section */

/* Begin PBXFrameworksBuildPhase section */
		FBA912902D49CF9E00447692 /* Frameworks */ = {
			isa = PBXFrameworksBuildPhase;
			buildActionMask = 2147483647;
			files = (
				FB2A07982D82D13F007A3DD1 /* MarkdownUI in Frameworks */,
				BD18928B2D88DF8000296DC0 /* EFQRCode in Frameworks */,
				FBEB1C7C2D76A80C00220F20 /* HighlightSwift in Frameworks */,
				BDB1056A2D7662EE00549A0F /* RichTextKit in Frameworks */,
				FB432A1C2D81780700BE347E /* XMLKit in Frameworks */,
				FB432A1A2D81780700BE347E /* FeedKit in Frameworks */,
				FBA9E9A92D83DB06009B252B /* RichText in Frameworks */,
				FB2A07952D82CD8C007A3DD1 /* AcknowList in Frameworks */,
			);
			runOnlyForDeploymentPostprocessing = 0;
		};
		FBA912A32D49CFA000447692 /* Frameworks */ = {
			isa = PBXFrameworksBuildPhase;
			buildActionMask = 2147483647;
			files = (
			);
			runOnlyForDeploymentPostprocessing = 0;
		};
		FBA912AD2D49CFA000447692 /* Frameworks */ = {
			isa = PBXFrameworksBuildPhase;
			buildActionMask = 2147483647;
			files = (
			);
			runOnlyForDeploymentPostprocessing = 0;
		};
/* End PBXFrameworksBuildPhase section */

/* Begin PBXGroup section */
		FBA9128A2D49CF9E00447692 = {
			isa = PBXGroup;
			children = (
				FBA912952D49CF9E00447692 /* iDevBook */,
				FBA912A92D49CFA000447692 /* iDevBookTests */,
				FBA912B32D49CFA000447692 /* iDevBookUITests */,
				FBA912942D49CF9E00447692 /* Products */,
			);
			sourceTree = "<group>";
		};
		FBA912942D49CF9E00447692 /* Products */ = {
			isa = PBXGroup;
			children = (
				FBA912932D49CF9E00447692 /* iDevBook.app */,
				FBA912A62D49CFA000447692 /* iDevBookTests.xctest */,
				FBA912B02D49CFA000447692 /* iDevBookUITests.xctest */,
			);
			name = Products;
			sourceTree = "<group>";
		};
/* End PBXGroup section */

/* Begin PBXNativeTarget section */
		FBA912922D49CF9E00447692 /* iDevBook */ = {
			isa = PBXNativeTarget;
			buildConfigurationList = FBA912BA2D49CFA000447692 /* Build configuration list for PBXNativeTarget "iDevBook" */;
			buildPhases = (
				FBA9128F2D49CF9E00447692 /* Sources */,
				FBA912902D49CF9E00447692 /* Frameworks */,
				FBA912912D49CF9E00447692 /* Resources */,
			);
			buildRules = (
			);
			dependencies = (
			);
			fileSystemSynchronizedGroups = (
				FBA912952D49CF9E00447692 /* iDevBook */,
			);
			name = iDevBook;
			packageProductDependencies = (
				BDB105692D7662EE00549A0F /* RichTextKit */,
				FBEB1C7B2D76A80C00220F20 /* HighlightSwift */,
				FB432A192D81780700BE347E /* FeedKit */,
				FB432A1B2D81780700BE347E /* XMLKit */,
				FB2A07942D82CD8C007A3DD1 /* AcknowList */,
				FB2A07972D82D13F007A3DD1 /* MarkdownUI */,
				FBA9E9A82D83DB06009B252B /* RichText */,
				BD18928A2D88DF8000296DC0 /* EFQRCode */,
			);
			productName = iDevBook;
			productReference = FBA912932D49CF9E00447692 /* iDevBook.app */;
			productType = "com.apple.product-type.application";
		};
		FBA912A52D49CFA000447692 /* iDevBookTests */ = {
			isa = PBXNativeTarget;
			buildConfigurationList = FBA912BD2D49CFA000447692 /* Build configuration list for PBXNativeTarget "iDevBookTests" */;
			buildPhases = (
				FBA912A22D49CFA000447692 /* Sources */,
				FBA912A32D49CFA000447692 /* Frameworks */,
				FBA912A42D49CFA000447692 /* Resources */,
			);
			buildRules = (
			);
			dependencies = (
				FBA912A82D49CFA000447692 /* PBXTargetDependency */,
			);
			fileSystemSynchronizedGroups = (
				FBA912A92D49CFA000447692 /* iDevBookTests */,
			);
			name = iDevBookTests;
			packageProductDependencies = (
			);
			productName = iDevBookTests;
			productReference = FBA912A62D49CFA000447692 /* iDevBookTests.xctest */;
			productType = "com.apple.product-type.bundle.unit-test";
		};
		FBA912AF2D49CFA000447692 /* iDevBookUITests */ = {
			isa = PBXNativeTarget;
			buildConfigurationList = FBA912C02D49CFA000447692 /* Build configuration list for PBXNativeTarget "iDevBookUITests" */;
			buildPhases = (
				FBA912AC2D49CFA000447692 /* Sources */,
				FBA912AD2D49CFA000447692 /* Frameworks */,
				FBA912AE2D49CFA000447692 /* Resources */,
			);
			buildRules = (
			);
			dependencies = (
				FBA912B22D49CFA000447692 /* PBXTargetDependency */,
			);
			fileSystemSynchronizedGroups = (
				FBA912B32D49CFA000447692 /* iDevBookUITests */,
			);
			name = iDevBookUITests;
			packageProductDependencies = (
			);
			productName = iDevBookUITests;
			productReference = FBA912B02D49CFA000447692 /* iDevBookUITests.xctest */;
			productType = "com.apple.product-type.bundle.ui-testing";
		};
/* End PBXNativeTarget section */

/* Begin PBXProject section */
		FBA9128B2D49CF9E00447692 /* Project object */ = {
			isa = PBXProject;
			attributes = {
				BuildIndependentTargetsInParallel = 1;
				LastSwiftUpdateCheck = 1620;
				LastUpgradeCheck = 1620;
				TargetAttributes = {
					FBA912922D49CF9E00447692 = {
						CreatedOnToolsVersion = 16.2;
					};
					FBA912A52D49CFA000447692 = {
						CreatedOnToolsVersion = 16.2;
						TestTargetID = FBA912922D49CF9E00447692;
					};
					FBA912AF2D49CFA000447692 = {
						CreatedOnToolsVersion = 16.2;
						TestTargetID = FBA912922D49CF9E00447692;
					};
				};
			};
			buildConfigurationList = FBA9128E2D49CF9E00447692 /* Build configuration list for PBXProject "iDevBook" */;
			developmentRegion = en;
			hasScannedForEncodings = 0;
			knownRegions = (
				en,
				Base,
			);
			mainGroup = FBA9128A2D49CF9E00447692;
			minimizedProjectReferenceProxies = 1;
			packageReferences = (
				BDB105682D7662EE00549A0F /* XCRemoteSwiftPackageReference "RichTextKit" */,
				FBEB1C7A2D76A80C00220F20 /* XCRemoteSwiftPackageReference "HighlightSwift" */,
				FB432A182D81780700BE347E /* XCRemoteSwiftPackageReference "FeedKit" */,
				FB2A07932D82CD8C007A3DD1 /* XCRemoteSwiftPackageReference "AcknowList" */,
				FB2A07962D82D13F007A3DD1 /* XCRemoteSwiftPackageReference "swift-markdown-ui" */,
				FBA9E9A72D83DB05009B252B /* XCRemoteSwiftPackageReference "RichText" */,
				BD1892892D88DF8000296DC0 /* XCRemoteSwiftPackageReference "EFQRCode" */,
			);
			preferredProjectObjectVersion = 77;
			productRefGroup = FBA912942D49CF9E00447692 /* Products */;
			projectDirPath = "";
			projectRoot = "";
			targets = (
				FBA912922D49CF9E00447692 /* iDevBook */,
				FBA912A52D49CFA000447692 /* iDevBookTests */,
				FBA912AF2D49CFA000447692 /* iDevBookUITests */,
			);
		};
/* End PBXProject section */

/* Begin PBXResourcesBuildPhase section */
		FBA912912D49CF9E00447692 /* Resources */ = {
			isa = PBXResourcesBuildPhase;
			buildActionMask = 2147483647;
			files = (
			);
			runOnlyForDeploymentPostprocessing = 0;
		};
		FBA912A42D49CFA000447692 /* Resources */ = {
			isa = PBXResourcesBuildPhase;
			buildActionMask = 2147483647;
			files = (
			);
			runOnlyForDeploymentPostprocessing = 0;
		};
		FBA912AE2D49CFA000447692 /* Resources */ = {
			isa = PBXResourcesBuildPhase;
			buildActionMask = 2147483647;
			files = (
			);
			runOnlyForDeploymentPostprocessing = 0;
		};
/* End PBXResourcesBuildPhase section */

/* Begin PBXSourcesBuildPhase section */
		FBA9128F2D49CF9E00447692 /* Sources */ = {
			isa = PBXSourcesBuildPhase;
			buildActionMask = 2147483647;
			files = (
			);
			runOnlyForDeploymentPostprocessing = 0;
		};
		FBA912A22D49CFA000447692 /* Sources */ = {
			isa = PBXSourcesBuildPhase;
			buildActionMask = 2147483647;
			files = (
			);
			runOnlyForDeploymentPostprocessing = 0;
		};
		FBA912AC2D49CFA000447692 /* Sources */ = {
			isa = PBXSourcesBuildPhase;
			buildActionMask = 2147483647;
			files = (
			);
			runOnlyForDeploymentPostprocessing = 0;
		};
/* End PBXSourcesBuildPhase section */

/* Begin PBXTargetDependency section */
		FBA912A82D49CFA000447692 /* PBXTargetDependency */ = {
			isa = PBXTargetDependency;
			target = FBA912922D49CF9E00447692 /* iDevBook */;
			targetProxy = FBA912A72D49CFA000447692 /* PBXContainerItemProxy */;
		};
		FBA912B22D49CFA000447692 /* PBXTargetDependency */ = {
			isa = PBXTargetDependency;
			target = FBA912922D49CF9E00447692 /* iDevBook */;
			targetProxy = FBA912B12D49CFA000447692 /* PBXContainerItemProxy */;
		};
/* End PBXTargetDependency section */

/* Begin XCBuildConfiguration section */
		FBA912B82D49CFA000447692 /* Debug */ = {
			isa = XCBuildConfiguration;
			buildSettings = {
				ALWAYS_SEARCH_USER_PATHS = NO;
				ASSETCATALOG_COMPILER_GENERATE_SWIFT_ASSET_SYMBOL_EXTENSIONS = YES;
				CLANG_ANALYZER_NONNULL = YES;
				CLANG_ANALYZER_NUMBER_OBJECT_CONVERSION = YES_AGGRESSIVE;
				CLANG_CXX_LANGUAGE_STANDARD = "gnu++20";
				CLANG_ENABLE_MODULES = YES;
				CLANG_ENABLE_OBJC_ARC = YES;
				CLANG_ENABLE_OBJC_WEAK = YES;
				CLANG_WARN_BLOCK_CAPTURE_AUTORELEASING = YES;
				CLANG_WARN_BOOL_CONVERSION = YES;
				CLANG_WARN_COMMA = YES;
				CLANG_WARN_CONSTANT_CONVERSION = YES;
				CLANG_WARN_DEPRECATED_OBJC_IMPLEMENTATIONS = YES;
				CLANG_WARN_DIRECT_OBJC_ISA_USAGE = YES_ERROR;
				CLANG_WARN_DOCUMENTATION_COMMENTS = YES;
				CLANG_WARN_EMPTY_BODY = YES;
				CLANG_WARN_ENUM_CONVERSION = YES;
				CLANG_WARN_INFINITE_RECURSION = YES;
				CLANG_WARN_INT_CONVERSION = YES;
				CLANG_WARN_NON_LITERAL_NULL_CONVERSION = YES;
				CLANG_WARN_OBJC_IMPLICIT_RETAIN_SELF = YES;
				CLANG_WARN_OBJC_LITERAL_CONVERSION = YES;
				CLANG_WARN_OBJC_ROOT_CLASS = YES_ERROR;
				CLANG_WARN_QUOTED_INCLUDE_IN_FRAMEWORK_HEADER = YES;
				CLANG_WARN_RANGE_LOOP_ANALYSIS = YES;
				CLANG_WARN_STRICT_PROTOTYPES = YES;
				CLANG_WARN_SUSPICIOUS_MOVE = YES;
				CLANG_WARN_UNGUARDED_AVAILABILITY = YES_AGGRESSIVE;
				CLANG_WARN_UNREACHABLE_CODE = YES;
				CLANG_WARN__DUPLICATE_METHOD_MATCH = YES;
				COPY_PHASE_STRIP = NO;
				DEBUG_INFORMATION_FORMAT = dwarf;
				ENABLE_STRICT_OBJC_MSGSEND = YES;
				ENABLE_TESTABILITY = YES;
				ENABLE_USER_SCRIPT_SANDBOXING = YES;
				GCC_C_LANGUAGE_STANDARD = gnu17;
				GCC_DYNAMIC_NO_PIC = NO;
				GCC_NO_COMMON_BLOCKS = YES;
				GCC_OPTIMIZATION_LEVEL = 0;
				GCC_PREPROCESSOR_DEFINITIONS = (
					"DEBUG=1",
					"$(inherited)",
				);
				GCC_WARN_64_TO_32_BIT_CONVERSION = YES;
				GCC_WARN_ABOUT_RETURN_TYPE = YES_ERROR;
				GCC_WARN_UNDECLARED_SELECTOR = YES;
				GCC_WARN_UNINITIALIZED_AUTOS = YES_AGGRESSIVE;
				GCC_WARN_UNUSED_FUNCTION = YES;
				GCC_WARN_UNUSED_VARIABLE = YES;
				LOCALIZATION_PREFERS_STRING_CATALOGS = YES;
				MTL_ENABLE_DEBUG_INFO = INCLUDE_SOURCE;
				MTL_FAST_MATH = YES;
				ONLY_ACTIVE_ARCH = YES;
				SWIFT_ACTIVE_COMPILATION_CONDITIONS = "DEBUG $(inherited)";
				SWIFT_OPTIMIZATION_LEVEL = "-Onone";
			};
			name = Debug;
		};
		FBA912B92D49CFA000447692 /* Release */ = {
			isa = XCBuildConfiguration;
			buildSettings = {
				ALWAYS_SEARCH_USER_PATHS = NO;
				ASSETCATALOG_COMPILER_GENERATE_SWIFT_ASSET_SYMBOL_EXTENSIONS = YES;
				CLANG_ANALYZER_NONNULL = YES;
				CLANG_ANALYZER_NUMBER_OBJECT_CONVERSION = YES_AGGRESSIVE;
				CLANG_CXX_LANGUAGE_STANDARD = "gnu++20";
				CLANG_ENABLE_MODULES = YES;
				CLANG_ENABLE_OBJC_ARC = YES;
				CLANG_ENABLE_OBJC_WEAK = YES;
				CLANG_WARN_BLOCK_CAPTURE_AUTORELEASING = YES;
				CLANG_WARN_BOOL_CONVERSION = YES;
				CLANG_WARN_COMMA = YES;
				CLANG_WARN_CONSTANT_CONVERSION = YES;
				CLANG_WARN_DEPRECATED_OBJC_IMPLEMENTATIONS = YES;
				CLANG_WARN_DIRECT_OBJC_ISA_USAGE = YES_ERROR;
				CLANG_WARN_DOCUMENTATION_COMMENTS = YES;
				CLANG_WARN_EMPTY_BODY = YES;
				CLANG_WARN_ENUM_CONVERSION = YES;
				CLANG_WARN_INFINITE_RECURSION = YES;
				CLANG_WARN_INT_CONVERSION = YES;
				CLANG_WARN_NON_LITERAL_NULL_CONVERSION = YES;
				CLANG_WARN_OBJC_IMPLICIT_RETAIN_SELF = YES;
				CLANG_WARN_OBJC_LITERAL_CONVERSION = YES;
				CLANG_WARN_OBJC_ROOT_CLASS = YES_ERROR;
				CLANG_WARN_QUOTED_INCLUDE_IN_FRAMEWORK_HEADER = YES;
				CLANG_WARN_RANGE_LOOP_ANALYSIS = YES;
				CLANG_WARN_STRICT_PROTOTYPES = YES;
				CLANG_WARN_SUSPICIOUS_MOVE = YES;
				CLANG_WARN_UNGUARDED_AVAILABILITY = YES_AGGRESSIVE;
				CLANG_WARN_UNREACHABLE_CODE = YES;
				CLANG_WARN__DUPLICATE_METHOD_MATCH = YES;
				COPY_PHASE_STRIP = NO;
				DEBUG_INFORMATION_FORMAT = "dwarf-with-dsym";
				ENABLE_NS_ASSERTIONS = NO;
				ENABLE_STRICT_OBJC_MSGSEND = YES;
				ENABLE_USER_SCRIPT_SANDBOXING = YES;
				GCC_C_LANGUAGE_STANDARD = gnu17;
				GCC_NO_COMMON_BLOCKS = YES;
				GCC_WARN_64_TO_32_BIT_CONVERSION = YES;
				GCC_WARN_ABOUT_RETURN_TYPE = YES_ERROR;
				GCC_WARN_UNDECLARED_SELECTOR = YES;
				GCC_WARN_UNINITIALIZED_AUTOS = YES_AGGRESSIVE;
				GCC_WARN_UNUSED_FUNCTION = YES;
				GCC_WARN_UNUSED_VARIABLE = YES;
				LOCALIZATION_PREFERS_STRING_CATALOGS = YES;
				MTL_ENABLE_DEBUG_INFO = NO;
				MTL_FAST_MATH = YES;
				SWIFT_COMPILATION_MODE = wholemodule;
			};
			name = Release;
		};
		FBA912BB2D49CFA000447692 /* Debug */ = {
			isa = XCBuildConfiguration;
			buildSettings = {
				ASSETCATALOG_COMPILER_APPICON_NAME = AppIcon;
				ASSETCATALOG_COMPILER_GLOBAL_ACCENT_COLOR_NAME = AccentColor;
				CODE_SIGN_ENTITLEMENTS = iDevBook/iDevBook.entitlements;
				CODE_SIGN_IDENTITY = "Apple Development";
				CODE_SIGN_STYLE = Automatic;
				CURRENT_PROJECT_VERSION = 1;
				DEVELOPMENT_ASSET_PATHS = "\"iDevBook/Preview Content\"";
				DEVELOPMENT_TEAM = 3XN8RD2554;
				ENABLE_PREVIEWS = YES;
				GENERATE_INFOPLIST_FILE = YES;
				INFOPLIST_KEY_LSApplicationCategoryType = "public.app-category.developer-tools";
				"INFOPLIST_KEY_UIApplicationSceneManifest_Generation[sdk=iphoneos*]" = YES;
				"INFOPLIST_KEY_UIApplicationSceneManifest_Generation[sdk=iphonesimulator*]" = YES;
				"INFOPLIST_KEY_UIApplicationSupportsIndirectInputEvents[sdk=iphoneos*]" = YES;
				"INFOPLIST_KEY_UIApplicationSupportsIndirectInputEvents[sdk=iphonesimulator*]" = YES;
				"INFOPLIST_KEY_UILaunchScreen_Generation[sdk=iphoneos*]" = YES;
				"INFOPLIST_KEY_UILaunchScreen_Generation[sdk=iphonesimulator*]" = YES;
				INFOPLIST_KEY_UIStatusBarStyle = "";
				"INFOPLIST_KEY_UIStatusBarStyle[sdk=iphoneos*]" = UIStatusBarStyleDefault;
				"INFOPLIST_KEY_UIStatusBarStyle[sdk=iphonesimulator*]" = UIStatusBarStyleDefault;
				INFOPLIST_KEY_UISupportedInterfaceOrientations_iPad = "UIInterfaceOrientationPortrait UIInterfaceOrientationPortraitUpsideDown UIInterfaceOrientationLandscapeLeft UIInterfaceOrientationLandscapeRight";
				INFOPLIST_KEY_UISupportedInterfaceOrientations_iPhone = "UIInterfaceOrientationPortrait UIInterfaceOrientationLandscapeLeft UIInterfaceOrientationLandscapeRight";
				IPHONEOS_DEPLOYMENT_TARGET = 18.0;
				LD_RUNPATH_SEARCH_PATHS = "@executable_path/Frameworks";
				"LD_RUNPATH_SEARCH_PATHS[sdk=macosx*]" = "@executable_path/../Frameworks";
				MACOSX_DEPLOYMENT_TARGET = 15.0;
				MARKETING_VERSION = 1.0;
				PRODUCT_BUNDLE_IDENTIFIER = xyz.kaiyang.iDevBook;
				PRODUCT_NAME = "$(TARGET_NAME)";
				PROVISIONING_PROFILE_SPECIFIER = "";
				SDKROOT = auto;
				SUPPORTED_PLATFORMS = "iphoneos iphonesimulator macosx xros xrsimulator";
				SWIFT_EMIT_LOC_STRINGS = YES;
				SWIFT_VERSION = 5.0;
				TARGETED_DEVICE_FAMILY = "1,2,7";
				XROS_DEPLOYMENT_TARGET = 2.0;
			};
			name = Debug;
		};
		FBA912BC2D49CFA000447692 /* Release */ = {
			isa = XCBuildConfiguration;
			buildSettings = {
				ASSETCATALOG_COMPILER_APPICON_NAME = AppIcon;
				ASSETCATALOG_COMPILER_GLOBAL_ACCENT_COLOR_NAME = AccentColor;
				CODE_SIGN_ENTITLEMENTS = iDevBook/iDevBook.entitlements;
				CODE_SIGN_IDENTITY = "Apple Development";
				CODE_SIGN_STYLE = Automatic;
				CURRENT_PROJECT_VERSION = 1;
				DEVELOPMENT_ASSET_PATHS = "\"iDevBook/Preview Content\"";
				DEVELOPMENT_TEAM = 3XN8RD2554;
				ENABLE_PREVIEWS = YES;
				GENERATE_INFOPLIST_FILE = YES;
				INFOPLIST_KEY_LSApplicationCategoryType = "public.app-category.developer-tools";
				"INFOPLIST_KEY_UIApplicationSceneManifest_Generation[sdk=iphoneos*]" = YES;
				"INFOPLIST_KEY_UIApplicationSceneManifest_Generation[sdk=iphonesimulator*]" = YES;
				"INFOPLIST_KEY_UIApplicationSupportsIndirectInputEvents[sdk=iphoneos*]" = YES;
				"INFOPLIST_KEY_UIApplicationSupportsIndirectInputEvents[sdk=iphonesimulator*]" = YES;
				"INFOPLIST_KEY_UILaunchScreen_Generation[sdk=iphoneos*]" = YES;
				"INFOPLIST_KEY_UILaunchScreen_Generation[sdk=iphonesimulator*]" = YES;
				INFOPLIST_KEY_UIStatusBarStyle = "";
				"INFOPLIST_KEY_UIStatusBarStyle[sdk=iphoneos*]" = UIStatusBarStyleDefault;
				"INFOPLIST_KEY_UIStatusBarStyle[sdk=iphonesimulator*]" = UIStatusBarStyleDefault;
				INFOPLIST_KEY_UISupportedInterfaceOrientations_iPad = "UIInterfaceOrientationPortrait UIInterfaceOrientationPortraitUpsideDown UIInterfaceOrientationLandscapeLeft UIInterfaceOrientationLandscapeRight";
				INFOPLIST_KEY_UISupportedInterfaceOrientations_iPhone = "UIInterfaceOrientationPortrait UIInterfaceOrientationLandscapeLeft UIInterfaceOrientationLandscapeRight";
				IPHONEOS_DEPLOYMENT_TARGET = 18.0;
				LD_RUNPATH_SEARCH_PATHS = "@executable_path/Frameworks";
				"LD_RUNPATH_SEARCH_PATHS[sdk=macosx*]" = "@executable_path/../Frameworks";
				MACOSX_DEPLOYMENT_TARGET = 15.0;
				MARKETING_VERSION = 1.0;
				PRODUCT_BUNDLE_IDENTIFIER = xyz.kaiyang.iDevBook;
				PRODUCT_NAME = "$(TARGET_NAME)";
				PROVISIONING_PROFILE_SPECIFIER = "";
				SDKROOT = auto;
				SUPPORTED_PLATFORMS = "iphoneos iphonesimulator macosx xros xrsimulator";
				SWIFT_EMIT_LOC_STRINGS = YES;
				SWIFT_VERSION = 5.0;
				TARGETED_DEVICE_FAMILY = "1,2,7";
				XROS_DEPLOYMENT_TARGET = 2.0;
			};
			name = Release;
		};
		FBA912BE2D49CFA000447692 /* Debug */ = {
			isa = XCBuildConfiguration;
			buildSettings = {
				BUNDLE_LOADER = "$(TEST_HOST)";
				CODE_SIGN_STYLE = Automatic;
				CURRENT_PROJECT_VERSION = 1;
				GENERATE_INFOPLIST_FILE = YES;
				IPHONEOS_DEPLOYMENT_TARGET = 18.2;
				MACOSX_DEPLOYMENT_TARGET = 15.2;
				MARKETING_VERSION = 1.0;
				PRODUCT_BUNDLE_IDENTIFIER = xyz.kaiyang.iDevBookTests;
				PRODUCT_NAME = "$(TARGET_NAME)";
				SDKROOT = auto;
				SUPPORTED_PLATFORMS = "iphoneos iphonesimulator macosx xros xrsimulator";
				SWIFT_EMIT_LOC_STRINGS = NO;
				SWIFT_VERSION = 5.0;
				TARGETED_DEVICE_FAMILY = "1,2,7";
				TEST_HOST = "$(BUILT_PRODUCTS_DIR)/iDevBook.app/$(BUNDLE_EXECUTABLE_FOLDER_PATH)/iDevBook";
				XROS_DEPLOYMENT_TARGET = 2.2;
			};
			name = Debug;
		};
		FBA912BF2D49CFA000447692 /* Release */ = {
			isa = XCBuildConfiguration;
			buildSettings = {
				BUNDLE_LOADER = "$(TEST_HOST)";
				CODE_SIGN_STYLE = Automatic;
				CURRENT_PROJECT_VERSION = 1;
				GENERATE_INFOPLIST_FILE = YES;
				IPHONEOS_DEPLOYMENT_TARGET = 18.2;
				MACOSX_DEPLOYMENT_TARGET = 15.2;
				MARKETING_VERSION = 1.0;
				PRODUCT_BUNDLE_IDENTIFIER = xyz.kaiyang.iDevBookTests;
				PRODUCT_NAME = "$(TARGET_NAME)";
				SDKROOT = auto;
				SUPPORTED_PLATFORMS = "iphoneos iphonesimulator macosx xros xrsimulator";
				SWIFT_EMIT_LOC_STRINGS = NO;
				SWIFT_VERSION = 5.0;
				TARGETED_DEVICE_FAMILY = "1,2,7";
				TEST_HOST = "$(BUILT_PRODUCTS_DIR)/iDevBook.app/$(BUNDLE_EXECUTABLE_FOLDER_PATH)/iDevBook";
				XROS_DEPLOYMENT_TARGET = 2.2;
			};
			name = Release;
		};
		FBA912C12D49CFA000447692 /* Debug */ = {
			isa = XCBuildConfiguration;
			buildSettings = {
				CODE_SIGN_STYLE = Automatic;
				CURRENT_PROJECT_VERSION = 1;
				GENERATE_INFOPLIST_FILE = YES;
				IPHONEOS_DEPLOYMENT_TARGET = 18.2;
				MACOSX_DEPLOYMENT_TARGET = 15.2;
				MARKETING_VERSION = 1.0;
				PRODUCT_BUNDLE_IDENTIFIER = xyz.kaiyang.iDevBookUITests;
				PRODUCT_NAME = "$(TARGET_NAME)";
				SDKROOT = auto;
				SUPPORTED_PLATFORMS = "iphoneos iphonesimulator macosx xros xrsimulator";
				SWIFT_EMIT_LOC_STRINGS = NO;
				SWIFT_VERSION = 5.0;
				TARGETED_DEVICE_FAMILY = "1,2,7";
				TEST_TARGET_NAME = iDevBook;
				XROS_DEPLOYMENT_TARGET = 2.2;
			};
			name = Debug;
		};
		FBA912C22D49CFA000447692 /* Release */ = {
			isa = XCBuildConfiguration;
			buildSettings = {
				CODE_SIGN_STYLE = Automatic;
				CURRENT_PROJECT_VERSION = 1;
				GENERATE_INFOPLIST_FILE = YES;
				IPHONEOS_DEPLOYMENT_TARGET = 18.2;
				MACOSX_DEPLOYMENT_TARGET = 15.2;
				MARKETING_VERSION = 1.0;
				PRODUCT_BUNDLE_IDENTIFIER = xyz.kaiyang.iDevBookUITests;
				PRODUCT_NAME = "$(TARGET_NAME)";
				SDKROOT = auto;
				SUPPORTED_PLATFORMS = "iphoneos iphonesimulator macosx xros xrsimulator";
				SWIFT_EMIT_LOC_STRINGS = NO;
				SWIFT_VERSION = 5.0;
				TARGETED_DEVICE_FAMILY = "1,2,7";
				TEST_TARGET_NAME = iDevBook;
				XROS_DEPLOYMENT_TARGET = 2.2;
			};
			name = Release;
		};
/* End XCBuildConfiguration section */

/* Begin XCConfigurationList section */
		FBA9128E2D49CF9E00447692 /* Build configuration list for PBXProject "iDevBook" */ = {
			isa = XCConfigurationList;
			buildConfigurations = (
				FBA912B82D49CFA000447692 /* Debug */,
				FBA912B92D49CFA000447692 /* Release */,
			);
			defaultConfigurationIsVisible = 0;
			defaultConfigurationName = Release;
		};
		FBA912BA2D49CFA000447692 /* Build configuration list for PBXNativeTarget "iDevBook" */ = {
			isa = XCConfigurationList;
			buildConfigurations = (
				FBA912BB2D49CFA000447692 /* Debug */,
				FBA912BC2D49CFA000447692 /* Release */,
			);
			defaultConfigurationIsVisible = 0;
			defaultConfigurationName = Release;
		};
		FBA912BD2D49CFA000447692 /* Build configuration list for PBXNativeTarget "iDevBookTests" */ = {
			isa = XCConfigurationList;
			buildConfigurations = (
				FBA912BE2D49CFA000447692 /* Debug */,
				FBA912BF2D49CFA000447692 /* Release */,
			);
			defaultConfigurationIsVisible = 0;
			defaultConfigurationName = Release;
		};
		FBA912C02D49CFA000447692 /* Build configuration list for PBXNativeTarget "iDevBookUITests" */ = {
			isa = XCConfigurationList;
			buildConfigurations = (
				FBA912C12D49CFA000447692 /* Debug */,
				FBA912C22D49CFA000447692 /* Release */,
			);
			defaultConfigurationIsVisible = 0;
			defaultConfigurationName = Release;
		};
/* End XCConfigurationList section */

/* Begin XCRemoteSwiftPackageReference section */
		BD1892892D88DF8000296DC0 /* XCRemoteSwiftPackageReference "EFQRCode" */ = {
			isa = XCRemoteSwiftPackageReference;
			repositoryURL = "https://github.com/EFPrefix/EFQRCode.git";
			requirement = {
				kind = upToNextMajorVersion;
				minimumVersion = 6.2.2;
			};
		};
		BDB105682D7662EE00549A0F /* XCRemoteSwiftPackageReference "RichTextKit" */ = {
			isa = XCRemoteSwiftPackageReference;
			repositoryURL = "https://github.com/danielsaidi/RichTextKit.git";
			requirement = {
				kind = upToNextMajorVersion;
				minimumVersion = 1.1.2;
			};
		};
		FB2A07932D82CD8C007A3DD1 /* XCRemoteSwiftPackageReference "AcknowList" */ = {
			isa = XCRemoteSwiftPackageReference;
			repositoryURL = "https://github.com/vtourraine/AcknowList.git";
			requirement = {
				kind = upToNextMajorVersion;
				minimumVersion = 3.3.0;
			};
		};
		FB2A07962D82D13F007A3DD1 /* XCRemoteSwiftPackageReference "swift-markdown-ui" */ = {
			isa = XCRemoteSwiftPackageReference;
			repositoryURL = "https://github.com/gonzalezreal/swift-markdown-ui.git";
			requirement = {
				kind = upToNextMajorVersion;
				minimumVersion = 2.4.1;
			};
		};
		FB432A182D81780700BE347E /* XCRemoteSwiftPackageReference "FeedKit" */ = {
			isa = XCRemoteSwiftPackageReference;
			repositoryURL = "https://github.com/nmdias/FeedKit.git";
			requirement = {
				kind = upToNextMajorVersion;
				minimumVersion = "10.0.0-rc.4";
			};
		};
		FBA9E9A72D83DB05009B252B /* XCRemoteSwiftPackageReference "RichText" */ = {
			isa = XCRemoteSwiftPackageReference;
			repositoryURL = "https://github.com/NuPlay/RichText.git";
			requirement = {
				kind = upToNextMajorVersion;
				minimumVersion = 2.5.0;
			};
		};
		FBEB1C7A2D76A80C00220F20 /* XCRemoteSwiftPackageReference "HighlightSwift" */ = {
			isa = XCRemoteSwiftPackageReference;
			repositoryURL = "https://github.com/appstefan/HighlightSwift.git";
			requirement = {
				kind = upToNextMajorVersion;
				minimumVersion = 1.0.9;
			};
		};
/* End XCRemoteSwiftPackageReference section */

/* Begin XCSwiftPackageProductDependency section */
		BD18928A2D88DF8000296DC0 /* EFQRCode */ = {
			isa = XCSwiftPackageProductDependency;
			package = BD1892892D88DF8000296DC0 /* XCRemoteSwiftPackageReference "EFQRCode" */;
			productName = EFQRCode;
		};
		BDB105692D7662EE00549A0F /* RichTextKit */ = {
			isa = XCSwiftPackageProductDependency;
			package = BDB105682D7662EE00549A0F /* XCRemoteSwiftPackageReference "RichTextKit" */;
			productName = RichTextKit;
		};
		FB2A07942D82CD8C007A3DD1 /* AcknowList */ = {
			isa = XCSwiftPackageProductDependency;
			package = FB2A07932D82CD8C007A3DD1 /* XCRemoteSwiftPackageReference "AcknowList" */;
			productName = AcknowList;
		};
		FB2A07972D82D13F007A3DD1 /* MarkdownUI */ = {
			isa = XCSwiftPackageProductDependency;
			package = FB2A07962D82D13F007A3DD1 /* XCRemoteSwiftPackageReference "swift-markdown-ui" */;
			productName = MarkdownUI;
		};
		FB432A192D81780700BE347E /* FeedKit */ = {
			isa = XCSwiftPackageProductDependency;
			package = FB432A182D81780700BE347E /* XCRemoteSwiftPackageReference "FeedKit" */;
			productName = FeedKit;
		};
		FB432A1B2D81780700BE347E /* XMLKit */ = {
			isa = XCSwiftPackageProductDependency;
			package = FB432A182D81780700BE347E /* XCRemoteSwiftPackageReference "FeedKit" */;
			productName = XMLKit;
		};
		FBA9E9A82D83DB06009B252B /* RichText */ = {
			isa = XCSwiftPackageProductDependency;
			package = FBA9E9A72D83DB05009B252B /* XCRemoteSwiftPackageReference "RichText" */;
			productName = RichText;
		};
		FBEB1C7B2D76A80C00220F20 /* HighlightSwift */ = {
			isa = XCSwiftPackageProductDependency;
			package = FBEB1C7A2D76A80C00220F20 /* XCRemoteSwiftPackageReference "HighlightSwift" */;
			productName = HighlightSwift;
		};
/* End XCSwiftPackageProductDependency section */
	};
	rootObject = FBA9128B2D49CF9E00447692 /* Project object */;
}
